
Microsoft Visual Studio Solution File, Format Version 12.00
Project("{FAE04EC0-301F-11D3-BF4B-00C04F79EFBC}") = "grpc-server", "grpc-server\grpc-server.csproj", "{A27167F4-FCC3-4C8D-BACC-7C0F657AD08E}"
EndProject
Global
	GlobalSection(SolutionConfigurationPlatforms) = preSolution
		Debug|Any CPU = Debug|Any CPU
		Release|Any CPU = Release|Any CPU
	EndGlobalSection
	GlobalSection(ProjectConfigurationPlatforms) = postSolution
		{A27167F4-FCC3-4C8D-BACC-7C0F657AD08E}.Debug|Any CPU.ActiveCfg = Debug|Any CPU
		{A27167F4-FCC3-4C8D-BACC-7C0F657AD08E}.Debug|Any CPU.Build.0 = Debug|Any CPU
		{A27167F4-FCC3-4C8D-BACC-7C0F657AD08E}.Release|Any CPU.ActiveCfg = Release|Any CPU
		{A27167F4-FCC3-4C8D-BACC-7C0F657AD08E}.Release|Any CPU.Build.0 = Release|Any CPU
	EndGlobalSection
EndGlobal
